
Microsoft Visual Studio Solution File, Format Version 12.00
# Visual Studio Version 17
VisualStudioVersion = 17.1.32210.238
MinimumVisualStudioVersion = 10.0.40219.1
Project("{FAE04EC0-301F-11D3-BF4B-00C04F79EFBC}") = "Application BL", "..\Application BL\Application BL.csproj", "{66D02FD0-FE1A-4AB9-82BD-6C607A1B57C6}"
EndProject
Project("{FAE04EC0-301F-11D3-BF4B-00C04F79EFBC}") = "Application CMD", "..\Application CMD\Application CMD.csproj", "{D9FC26FF-F871-4637-84C3-6A4D706934A9}"
EndProject
Global
	GlobalSection(SolutionConfigurationPlatforms) = preSolution
		Debug|Any CPU = Debug|Any CPU
		Release|Any CPU = Release|Any CPU
	EndGlobalSection
	GlobalSection(ProjectConfigurationPlatforms) = postSolution
		{66D02FD0-FE1A-4AB9-82BD-6C607A1B57C6}.Debug|Any CPU.ActiveCfg = Debug|Any CPU
		{66D02FD0-FE1A-4AB9-82BD-6C607A1B57C6}.Debug|Any CPU.Build.0 = Debug|Any CPU
		{66D02FD0-FE1A-4AB9-82BD-6C607A1B57C6}.Release|Any CPU.ActiveCfg = Release|Any CPU
		{66D02FD0-FE1A-4AB9-82BD-6C607A1B57C6}.Release|Any CPU.Build.0 = Release|Any CPU
		{D9FC26FF-F871-4637-84C3-6A4D706934A9}.Debug|Any CPU.ActiveCfg = Debug|Any CPU
		{D9FC26FF-F871-4637-84C3-6A4D706934A9}.Debug|Any CPU.Build.0 = Debug|Any CPU
		{D9FC26FF-F871-4637-84C3-6A4D706934A9}.Release|Any CPU.ActiveCfg = Release|Any CPU
		{D9FC26FF-F871-4637-84C3-6A4D706934A9}.Release|Any CPU.Build.0 = Release|Any CPU
	EndGlobalSection
	GlobalSection(SolutionProperties) = preSolution
		HideSolutionNode = FALSE
	EndGlobalSection
	GlobalSection(ExtensibilityGlobals) = postSolution
		SolutionGuid = {812D31AE-854D-44E8-B870-AF1ACFF38260}
	EndGlobalSection
EndGlobal
