
Microsoft Visual Studio Solution File, Format Version 12.00
# Visual Studio Version 17
VisualStudioVersion = 17.1.32421.90
MinimumVisualStudioVersion = 10.0.40219.1
Project("{9A19103F-16F7-4668-BE54-9A1E7A4F7556}") = "TestTask", "TestTask.csproj", "{E7780C78-43D1-4B60-9BFF-531BFA0FDC8D}"
EndProject
Project("{FAE04EC0-301F-11D3-BF4B-00C04F79EFBC}") = "TestTask.Test", "..\TestTask.Test\TestTask.Test.csproj", "{B770434A-FCAE-4962-9667-F16A4DF1D496}"
EndProject
Global
	GlobalSection(SolutionConfigurationPlatforms) = preSolution
		Debug|Any CPU = Debug|Any CPU
		Release|Any CPU = Release|Any CPU
	EndGlobalSection
	GlobalSection(ProjectConfigurationPlatforms) = postSolution
		{E7780C78-43D1-4B60-9BFF-531BFA0FDC8D}.Debug|Any CPU.ActiveCfg = Debug|Any CPU
		{E7780C78-43D1-4B60-9BFF-531BFA0FDC8D}.Debug|Any CPU.Build.0 = Debug|Any CPU
		{E7780C78-43D1-4B60-9BFF-531BFA0FDC8D}.Release|Any CPU.ActiveCfg = Release|Any CPU
		{E7780C78-43D1-4B60-9BFF-531BFA0FDC8D}.Release|Any CPU.Build.0 = Release|Any CPU
		{B770434A-FCAE-4962-9667-F16A4DF1D496}.Debug|Any CPU.ActiveCfg = Debug|Any CPU
		{B770434A-FCAE-4962-9667-F16A4DF1D496}.Debug|Any CPU.Build.0 = Debug|Any CPU
		{B770434A-FCAE-4962-9667-F16A4DF1D496}.Release|Any CPU.ActiveCfg = Release|Any CPU
		{B770434A-FCAE-4962-9667-F16A4DF1D496}.Release|Any CPU.Build.0 = Release|Any CPU
	EndGlobalSection
	GlobalSection(SolutionProperties) = preSolution
		HideSolutionNode = FALSE
	EndGlobalSection
	GlobalSection(ExtensibilityGlobals) = postSolution
		SolutionGuid = {57A4682E-D988-408D-AB50-A339257D855F}
	EndGlobalSection
EndGlobal
