
Microsoft Visual Studio Solution File, Format Version 12.00
# Visual Studio Version 17
VisualStudioVersion = 17.0.32112.339
MinimumVisualStudioVersion = 10.0.40219.1
Project("{FAE04EC0-301F-11D3-BF4B-00C04F79EFBC}") = "ConsoleApp1", "ConsoleApp1.csproj", "{E0284E14-C07A-44A6-A188-7269A1C444CF}"
EndProject
Project("{FAE04EC0-301F-11D3-BF4B-00C04F79EFBC}") = "EnglishTeacher", "..\English Teacher\EnglishTeacher.csproj", "{D45F3D8E-16E3-4F93-B549-EFE48C521C04}"
EndProject
Global
	GlobalSection(SolutionConfigurationPlatforms) = preSolution
		Debug|Any CPU = Debug|Any CPU
		Release|Any CPU = Release|Any CPU
	EndGlobalSection
	GlobalSection(ProjectConfigurationPlatforms) = postSolution
		{E0284E14-C07A-44A6-A188-7269A1C444CF}.Debug|Any CPU.ActiveCfg = Debug|Any CPU
		{E0284E14-C07A-44A6-A188-7269A1C444CF}.Debug|Any CPU.Build.0 = Debug|Any CPU
		{E0284E14-C07A-44A6-A188-7269A1C444CF}.Release|Any CPU.ActiveCfg = Release|Any CPU
		{E0284E14-C07A-44A6-A188-7269A1C444CF}.Release|Any CPU.Build.0 = Release|Any CPU
		{D45F3D8E-16E3-4F93-B549-EFE48C521C04}.Debug|Any CPU.ActiveCfg = Debug|Any CPU
		{D45F3D8E-16E3-4F93-B549-EFE48C521C04}.Debug|Any CPU.Build.0 = Debug|Any CPU
		{D45F3D8E-16E3-4F93-B549-EFE48C521C04}.Release|Any CPU.ActiveCfg = Release|Any CPU
		{D45F3D8E-16E3-4F93-B549-EFE48C521C04}.Release|Any CPU.Build.0 = Release|Any CPU
	EndGlobalSection
	GlobalSection(SolutionProperties) = preSolution
		HideSolutionNode = FALSE
	EndGlobalSection
	GlobalSection(ExtensibilityGlobals) = postSolution
		SolutionGuid = {02DF61F6-FF96-4983-8AD5-9E3B778EA3E1}
	EndGlobalSection
EndGlobal
